hash: 24df2c68e284446e0dfd4962fe93c82064d96b03389600f6cb5801c88f7969d5
updated: 2017-06-12T03:11:34.426855186Z
imports:
- name: cloud.google.com/go
  version: 2e6a95edb1071d750f6d7db777bf66cd2997af6c
  subpackages:
  - compute/metadata
  - internal
- name: github.com/AlecAivazis/survey
  version: 33556ae4bcf1007578fbec38ba686ca009651527
  subpackages:
  - core
  - terminal
- name: github.com/codegangsta/cli
  version: 0bdeddeeb0f650497d603c4ad7b20cfe685682f6
- name: github.com/golang/protobuf
  version: 5a0f697c9ed9d68fef0116532c6e05cfeae00e55
  subpackages:
  - proto
  - ptypes/any
- name: github.com/google/go-github
  version: 7a51fb928f52a196d5f31daefb8a489453ef54ff
  subpackages:
  - github
- name: github.com/google/go-querystring
  version: 53e6ce116135b80d037921a7fdd5138cf32d7a8a
  subpackages:
  - query
- name: github.com/googleapis/gax-go
  version: 84ed26760e7f6f80887a2fbfb50db3cc415d2cea
- name: github.com/gorilla/context
  version: 08b5f424b9271eedf6f9f0ce86cb9396ed337a42
- name: github.com/gorilla/mux
  version: bcd8bc72b08df0f70df986b97f95590779502d31
- name: github.com/jasonlvhit/gocron
  version: 42a5804d37aa0b9239b265e894a16b8edbf52d54
- name: github.com/mattn/go-colorable
  version: ded68f7a9561c023e790de24279db7ebf473ea80
- name: github.com/mattn/go-isatty
  version: fc9e8d8ef48496124e79ae0df75490096eccf6fe
- name: github.com/mgutz/ansi
  version: 9520e82c474b0a04dd04f8a40959027271bab992
- name: github.com/robfig/cron
  version: b024fc5ea0e34bc3f83d9941c8d60b0622bfaca4
- name: github.com/stretchr/testify
  version: 69483b4bd14f5845b5a1e55bca19e954e827f1d0
  subpackages:
  - assert
- name: golang.org/x/net
  version: 1a68b1313cf4ad7778376e82641197b60c02f65c
  subpackages:
  - context
  - context/...
  - context/ctxhttp
  - http2
  - http2/hpack
  - idna
  - internal/timeseries
  - lex/httplex
  - trace
- name: golang.org/x/oauth2
  version: f047394b6d14284165300fd82dad67edb3a4d7f6
  subpackages:
  - '...'
  - google
  - internal
  - jws
  - jwt
- name: golang.org/x/sync
  version: f52d1811a62927559de87708c8913c1650ce4f26
  subpackages:
  - errgroup
- name: golang.org/x/sys
  version: 0b25a408a50076fbbcae6b7ac0ea5fbb0b085e79
  subpackages:
  - unix
- name: golang.org/x/text
  version: 210eee5cf7323015d097341bcf7166130d001cd8
  subpackages:
  - secure/bidirule
  - transform
  - unicode/bidi
  - unicode/norm
- name: google.golang.org/api
  version: 324744a33f1f37e63dd1695cfb3ec9a3e4a1cb05
  subpackages:
  - gensupport
  - googleapi
  - googleapi/internal/uritemplates
  - sheets/v4
- name: google.golang.org/appengine
  version: a2f4131514e563cedfdb6e7d267df9ad48591e93
  subpackages:
  - internal
  - internal/app_identity
  - internal/base
  - internal/datastore
  - internal/log
  - internal/modules
  - internal/remote_api
  - internal/urlfetch
  - urlfetch
- name: google.golang.org/genproto
  version: aa2eb687b4d3e17154372564ad8d6bf11c3cf21f
  subpackages:
  - googleapis/rpc/status
- name: google.golang.org/grpc
  version: 84158ac547c2e121582f5f37458e693e339f099b
  subpackages:
  - codes
  - credentials
  - grpclb/grpc_lb_v1
  - grpclog
  - internal
  - keepalive
  - metadata
  - naming
  - peer
  - stats
  - status
  - tap
  - transport
testImports:
- name: github.com/davecgh/go-spew
  version: 04cdfd42973bb9c8589fd6a731800cf222fde1a9
  subpackages:
  - spew
- name: github.com/pmezard/go-difflib
  version: d8ed2627bdf02c080bf22230dbb337003b7aba2d
  subpackages:
  - difflib
